# THIS IS AN AUTOGENERATED FILE. DO NOT EDIT THIS FILE DIRECTLY.
# yarn lockfile v1


"@inquirer/external-editor@^1.0.2":
  "integrity" "sha1-3BbnBkxGxTvgmRjbY5/3gHGMBxo="
  "resolved" "https://registry.npm.wps.cn/@inquirer/external-editor/download/@inquirer/external-editor-1.0.2.tgz"
  "version" "1.0.2"
  dependencies:
    "chardet" "^2.1.0"
    "iconv-lite" "^0.7.0"

"@inquirer/figures@^1.0.3":
  "integrity" "sha1-Eqe/00SoOubMXWAEs4ntEfbba+Q="
  "resolved" "https://registry.npm.wps.cn/@inquirer/figures/download/@inquirer/figures-1.0.14.tgz"
  "version" "1.0.14"

"ansi-escapes@^4.3.2":
  "integrity" "sha1-ayKR0dt9mLZSHV8e+kLQ86n+tl4="
  "resolved" "https://registry.npm.wps.cn/ansi-escapes/download/ansi-escapes-4.3.2.tgz"
  "version" "4.3.2"
  dependencies:
    "type-fest" "^0.21.3"

"ansi-regex@^5.0.1":
  "integrity" "sha1-CCyyyJyf6GWaMRpTvWpNxTAdswQ="
  "resolved" "https://registry.npm.wps.cn/ansi-regex/download/ansi-regex-5.0.1.tgz"
  "version" "5.0.1"

"ansi-styles@^4.0.0", "ansi-styles@^4.1.0":
  "integrity" "sha1-7dgDYornHATIWuegkG7a00tkiTc="
  "resolved" "https://registry.npm.wps.cn/ansi-styles/download/ansi-styles-4.3.0.tgz"
  "version" "4.3.0"
  dependencies:
    "color-convert" "^2.0.1"

"base64-js@^1.3.1":
  "integrity" "sha1-GxtEAWClv3rUC2UPCVljSBkDkwo="
  "resolved" "https://registry.npm.wps.cn/base64-js/download/base64-js-1.5.1.tgz"
  "version" "1.5.1"

"bl@^4.1.0":
  "integrity" "sha1-RRU1JkGCvsL7vIOmKrmM8R2fezo="
  "resolved" "https://registry.npm.wps.cn/bl/download/bl-4.1.0.tgz"
  "version" "4.1.0"
  dependencies:
    "buffer" "^5.5.0"
    "inherits" "^2.0.4"
    "readable-stream" "^3.4.0"

"buffer@^5.5.0":
  "integrity" "sha1-umLnwTEzBTWCGXFghRqPZI6Z7tA="
  "resolved" "https://registry.npm.wps.cn/buffer/download/buffer-5.7.1.tgz"
  "version" "5.7.1"
  dependencies:
    "base64-js" "^1.3.1"
    "ieee754" "^1.1.13"

"chalk@^4.1.0":
  "integrity" "sha1-qsTit3NKdAhnrrFr8CqtVWoeegE="
  "resolved" "https://registry.npm.wps.cn/chalk/download/chalk-4.1.2.tgz"
  "version" "4.1.2"
  dependencies:
    "ansi-styles" "^4.1.0"
    "supports-color" "^7.1.0"

"chalk@^5.3.0":
  "integrity" "sha1-sSOLbiPqM3r3HH+KKV21rwwViuo="
  "resolved" "https://registry.npm.wps.cn/chalk/download/chalk-5.6.2.tgz"
  "version" "5.6.2"

"chardet@^2.1.0":
  "integrity" "sha1-EAf0QaGun5GZpKZ/bpePsKqao/4="
  "resolved" "https://registry.npm.wps.cn/chardet/download/chardet-2.1.0.tgz"
  "version" "2.1.0"

"cli-cursor@^3.1.0":
  "integrity" "sha1-JkMFp65JDR0Dvwybp8kl0XU68wc="
  "resolved" "https://registry.npm.wps.cn/cli-cursor/download/cli-cursor-3.1.0.tgz"
  "version" "3.1.0"
  dependencies:
    "restore-cursor" "^3.1.0"

"cli-spinners@^2.5.0":
  "integrity" "sha1-F3Oo9LnE1qwxVj31Oz/B15Ri/kE="
  "resolved" "https://registry.npm.wps.cn/cli-spinners/download/cli-spinners-2.9.2.tgz"
  "version" "2.9.2"

"cli-width@^4.1.0":
  "integrity" "sha1-QtqsQdPCVO84rYrAN2chMBc2kcU="
  "resolved" "https://registry.npm.wps.cn/cli-width/download/cli-width-4.1.0.tgz"
  "version" "4.1.0"

"clone@^1.0.2":
  "integrity" "sha1-2jCcwmPfFZlMaIypAheco8fNfH4="
  "resolved" "https://registry.npm.wps.cn/clone/download/clone-1.0.4.tgz"
  "version" "1.0.4"

"color-convert@^2.0.1":
  "integrity" "sha1-ctOmjVmMm9s68q0ehPIdiWq9TeM="
  "resolved" "https://registry.npm.wps.cn/color-convert/download/color-convert-2.0.1.tgz"
  "version" "2.0.1"
  dependencies:
    "color-name" "~1.1.4"

"color-name@~1.1.4":
  "integrity" "sha1-wqCah6y95pVD3m9j+jmVyCbFNqI="
  "resolved" "https://registry.npm.wps.cn/color-name/download/color-name-1.1.4.tgz"
  "version" "1.1.4"

"commander@^12.0.0":
  "integrity" "sha1-AUI7NvUBJZ/arE0OTWDJbJkVhdM="
  "resolved" "https://registry.npm.wps.cn/commander/download/commander-12.1.0.tgz"
  "version" "12.1.0"

"defaults@^1.0.3":
  "integrity" "sha1-sLAgYsHiqmL/XZUo8PmLqpCXjXo="
  "resolved" "https://registry.npm.wps.cn/defaults/download/defaults-1.0.4.tgz"
  "version" "1.0.4"
  dependencies:
    "clone" "^1.0.2"

"emoji-regex@^8.0.0":
  "integrity" "sha1-6Bj9ac5cz8tARZT4QpY79TFkzDc="
  "resolved" "https://registry.npm.wps.cn/emoji-regex/download/emoji-regex-8.0.0.tgz"
  "version" "8.0.0"

"has-flag@^4.0.0":
  "integrity" "sha1-lEdx/ZyByBJlxNaUGGDaBrtZR5s="
  "resolved" "https://registry.npm.wps.cn/has-flag/download/has-flag-4.0.0.tgz"
  "version" "4.0.0"

"iconv-lite@^0.7.0":
  "integrity" "sha1-xQzYDmdGyoEV65h0OvqBqg4Uej4="
  "resolved" "https://registry.npm.wps.cn/iconv-lite/download/iconv-lite-0.7.0.tgz"
  "version" "0.7.0"
  dependencies:
    "safer-buffer" ">= 2.1.2 < 3.0.0"

"ieee754@^1.1.13":
  "integrity" "sha1-jrehCmP/8l0VpXsAFYbRd9Gw01I="
  "resolved" "https://registry.npm.wps.cn/ieee754/download/ieee754-1.2.1.tgz"
  "version" "1.2.1"

"inherits@^2.0.3", "inherits@^2.0.4":
  "integrity" "sha1-D6LGT5MpF8NDOg3tVTY6rjdBa3w="
  "resolved" "https://registry.npm.wps.cn/inherits/download/inherits-2.0.4.tgz"
  "version" "2.0.4"

"inquirer@^9.2.0":
  "integrity" "sha1-oMgboE4VJXdmd+TmZ6sReu+xlgg="
  "resolved" "https://registry.npm.wps.cn/inquirer/download/inquirer-9.3.8.tgz"
  "version" "9.3.8"
  dependencies:
    "@inquirer/external-editor" "^1.0.2"
    "@inquirer/figures" "^1.0.3"
    "ansi-escapes" "^4.3.2"
    "cli-width" "^4.1.0"
    "mute-stream" "1.0.0"
    "ora" "^5.4.1"
    "run-async" "^3.0.0"
    "rxjs" "^7.8.1"
    "string-width" "^4.2.3"
    "strip-ansi" "^6.0.1"
    "wrap-ansi" "^6.2.0"
    "yoctocolors-cjs" "^2.1.2"

"is-fullwidth-code-point@^3.0.0":
  "integrity" "sha1-8Rb4Bk/pCz94RKOJl8C3UFEmnx0="
  "resolved" "https://registry.npm.wps.cn/is-fullwidth-code-point/download/is-fullwidth-code-point-3.0.0.tgz"
  "version" "3.0.0"

"is-interactive@^1.0.0":
  "integrity" "sha1-zqbmrlyHCnsKAAQHC3tYfgJSkS4="
  "resolved" "https://registry.npm.wps.cn/is-interactive/download/is-interactive-1.0.0.tgz"
  "version" "1.0.0"

"is-unicode-supported@^0.1.0":
  "integrity" "sha1-PybHaoCVk7Ur+i7LVxDtJ3m1Iqc="
  "resolved" "https://registry.npm.wps.cn/is-unicode-supported/download/is-unicode-supported-0.1.0.tgz"
  "version" "0.1.0"

"log-symbols@^4.1.0":
  "integrity" "sha1-P727lbRoOsn8eFER55LlWNSr1QM="
  "resolved" "https://registry.npm.wps.cn/log-symbols/download/log-symbols-4.1.0.tgz"
  "version" "4.1.0"
  dependencies:
    "chalk" "^4.1.0"
    "is-unicode-supported" "^0.1.0"

"mimic-fn@^2.1.0":
  "integrity" "sha1-ftLCzMyvhNP/y3pptXcR/CCDQBs="
  "resolved" "https://registry.npm.wps.cn/mimic-fn/download/mimic-fn-2.1.0.tgz"
  "version" "2.1.0"

"mute-stream@1.0.0":
  "integrity" "sha1-4xvZ/mLwrtI1IKpDJOpmcVMeAT4="
  "resolved" "https://registry.npm.wps.cn/mute-stream/download/mute-stream-1.0.0.tgz"
  "version" "1.0.0"

"onetime@^5.1.0":
  "integrity" "sha1-0Oluu1awdHbfHdnEgG5SN5hcpF4="
  "resolved" "https://registry.npm.wps.cn/onetime/download/onetime-5.1.2.tgz"
  "version" "5.1.2"
  dependencies:
    "mimic-fn" "^2.1.0"

"ora@^5.4.1":
  "integrity" "sha1-GyZ4Qmr0rEpQkAjl5KyemVnbnhg="
  "resolved" "https://registry.npm.wps.cn/ora/download/ora-5.4.1.tgz"
  "version" "5.4.1"
  dependencies:
    "bl" "^4.1.0"
    "chalk" "^4.1.0"
    "cli-cursor" "^3.1.0"
    "cli-spinners" "^2.5.0"
    "is-interactive" "^1.0.0"
    "is-unicode-supported" "^0.1.0"
    "log-symbols" "^4.1.0"
    "strip-ansi" "^6.0.0"
    "wcwidth" "^1.0.1"

"readable-stream@^3.4.0":
  "integrity" "sha1-VqmzbqllwAxak+8x6xEaDxEFaWc="
  "resolved" "https://registry.npm.wps.cn/readable-stream/download/readable-stream-3.6.2.tgz"
  "version" "3.6.2"
  dependencies:
    "inherits" "^2.0.3"
    "string_decoder" "^1.1.1"
    "util-deprecate" "^1.0.1"

"restore-cursor@^3.1.0":
  "integrity" "sha1-OfZ8VLOnpYzqUjbZXPADQjljH34="
  "resolved" "https://registry.npm.wps.cn/restore-cursor/download/restore-cursor-3.1.0.tgz"
  "version" "3.1.0"
  dependencies:
    "onetime" "^5.1.0"
    "signal-exit" "^3.0.2"

"run-async@^3.0.0":
  "integrity" "sha1-QqQy9tdsaJUiBYmEOE3yi+N52q0="
  "resolved" "https://registry.npm.wps.cn/run-async/download/run-async-3.0.0.tgz"
  "version" "3.0.0"

"rxjs@^7.8.1":
  "integrity" "sha1-lVvEc+2K8RoAKivlIHG/R1Y4YHs="
  "resolved" "https://registry.npm.wps.cn/rxjs/download/rxjs-7.8.2.tgz"
  "version" "7.8.2"
  dependencies:
    "tslib" "^2.1.0"

"safe-buffer@~5.2.0":
  "integrity" "sha1-Hq+fqb2x/dTsdfWPnNtOa3gn7sY="
  "resolved" "https://registry.npm.wps.cn/safe-buffer/download/safe-buffer-5.2.1.tgz"
  "version" "5.2.1"

"safer-buffer@>= 2.1.2 < 3.0.0":
  "integrity" "sha1-RPoWGwGHuVSd2Eu5GAL5vYOFzWo="
  "resolved" "https://registry.npm.wps.cn/safer-buffer/download/safer-buffer-2.1.2.tgz"
  "version" "2.1.2"

"signal-exit@^3.0.2":
  "integrity" "sha1-qaF2f4r4QVURTqq9c/mSc8j1mtk="
  "resolved" "https://registry.npm.wps.cn/signal-exit/download/signal-exit-3.0.7.tgz"
  "version" "3.0.7"

"string_decoder@^1.1.1":
  "integrity" "sha1-QvEUWUpGzxqOMLCoT1bHjD7awh4="
  "resolved" "https://registry.npm.wps.cn/string_decoder/download/string_decoder-1.3.0.tgz"
  "version" "1.3.0"
  dependencies:
    "safe-buffer" "~5.2.0"

"string-width@^4.1.0", "string-width@^4.2.3":
  "integrity" "sha1-JpxxF9J7Ba0uU2gwqOyJXvnG0BA="
  "resolved" "https://registry.npm.wps.cn/string-width/download/string-width-4.2.3.tgz"
  "version" "4.2.3"
  dependencies:
    "emoji-regex" "^8.0.0"
    "is-fullwidth-code-point" "^3.0.0"
    "strip-ansi" "^6.0.1"

"strip-ansi@^6.0.0", "strip-ansi@^6.0.1":
  "integrity" "sha1-nibGPTD1NEPpSJSVshBdN7Z6hdk="
  "resolved" "https://registry.npm.wps.cn/strip-ansi/download/strip-ansi-6.0.1.tgz"
  "version" "6.0.1"
  dependencies:
    "ansi-regex" "^5.0.1"

"supports-color@^7.1.0":
  "integrity" "sha1-G33NyzK4E4gBs+R4umpRyqiWSNo="
  "resolved" "https://registry.npm.wps.cn/supports-color/download/supports-color-7.2.0.tgz"
  "version" "7.2.0"
  dependencies:
    "has-flag" "^4.0.0"

"tslib@^2.1.0":
  "integrity" "sha1-YS7+TtI11Wfoq6Xypfq3AoCt6D8="
  "resolved" "https://registry.npm.wps.cn/tslib/download/tslib-2.8.1.tgz"
  "version" "2.8.1"

"type-fest@^0.21.3":
  "integrity" "sha1-0mCiSwGYQ24TP6JqUkptZfo7Ljc="
  "resolved" "https://registry.npm.wps.cn/type-fest/download/type-fest-0.21.3.tgz"
  "version" "0.21.3"

"util-deprecate@^1.0.1":
  "integrity" "sha1-RQ1Nyfpw3nMnYvvS1KKJgUGaDM8="
  "resolved" "https://registry.npm.wps.cn/util-deprecate/download/util-deprecate-1.0.2.tgz"
  "version" "1.0.2"

"wcwidth@^1.0.1":
  "integrity" "sha1-8LDc+RW8X/FSivrbLA4XtTLaL+g="
  "resolved" "https://registry.npm.wps.cn/wcwidth/download/wcwidth-1.0.1.tgz"
  "version" "1.0.1"
  dependencies:
    "defaults" "^1.0.3"

"wrap-ansi@^6.2.0":
  "integrity" "sha1-6Tk7oHEC5skaOyIUePAlfNKFblM="
  "resolved" "https://registry.npm.wps.cn/wrap-ansi/download/wrap-ansi-6.2.0.tgz"
  "version" "6.2.0"
  dependencies:
    "ansi-styles" "^4.0.0"
    "string-width" "^4.1.0"
    "strip-ansi" "^6.0.0"

"yoctocolors-cjs@^2.1.2":
  "integrity" "sha1-fklk6o7EIrekCskX06NEz9IwS6o="
  "resolved" "https://registry.npm.wps.cn/yoctocolors-cjs/download/yoctocolors-cjs-2.1.3.tgz"
  "version" "2.1.3"
